
Microsoft Visual Studio Solution File, Format Version 12.00
# Visual Studio Version 17
VisualStudioVersion = 17.4.33205.214
MinimumVisualStudioVersion = 10.0.40219.1
Project("{9A19103F-16F7-4668-BE54-9A1E7A4F7556}") = "cs.project07.pokemon", "cs.project07.pokemon\cs.project07.pokemon.csproj", "{0118418E-EA57-465A-8769-FA53E492BB48}"
EndProject
Project("{9A19103F-16F7-4668-BE54-9A1E7A4F7556}") = "Test", "Test\Test.csproj", "{5CB87EFF-EBBC-41AF-AC80-0B228B8C14F7}"
EndProject
Project("{9A19103F-16F7-4668-BE54-9A1E7A4F7556}") = "UnitTest", "TestProject1\UnitTest.csproj", "{F98F8B9F-5505-4582-9337-1F97E289763F}"
EndProject
Global
	GlobalSection(SolutionConfigurationPlatforms) = preSolution
		Debug|Any CPU = Debug|Any CPU
		Release|Any CPU = Release|Any CPU
	EndGlobalSection
	GlobalSection(ProjectConfigurationPlatforms) = postSolution
		{0118418E-EA57-465A-8769-FA53E492BB48}.Debug|Any CPU.ActiveCfg = Debug|Any CPU
		{0118418E-EA57-465A-8769-FA53E492BB48}.Debug|Any CPU.Build.0 = Debug|Any CPU
		{0118418E-EA57-465A-8769-FA53E492BB48}.Release|Any CPU.ActiveCfg = Release|Any CPU
		{0118418E-EA57-465A-8769-FA53E492BB48}.Release|Any CPU.Build.0 = Release|Any CPU
		{5CB87EFF-EBBC-41AF-AC80-0B228B8C14F7}.Debug|Any CPU.ActiveCfg = Debug|Any CPU
		{5CB87EFF-EBBC-41AF-AC80-0B228B8C14F7}.Debug|Any CPU.Build.0 = Debug|Any CPU
		{5CB87EFF-EBBC-41AF-AC80-0B228B8C14F7}.Release|Any CPU.ActiveCfg = Release|Any CPU
		{5CB87EFF-EBBC-41AF-AC80-0B228B8C14F7}.Release|Any CPU.Build.0 = Release|Any CPU
		{F98F8B9F-5505-4582-9337-1F97E289763F}.Debug|Any CPU.ActiveCfg = Debug|Any CPU
		{F98F8B9F-5505-4582-9337-1F97E289763F}.Debug|Any CPU.Build.0 = Debug|Any CPU
		{F98F8B9F-5505-4582-9337-1F97E289763F}.Release|Any CPU.ActiveCfg = Release|Any CPU
		{F98F8B9F-5505-4582-9337-1F97E289763F}.Release|Any CPU.Build.0 = Release|Any CPU
	EndGlobalSection
	GlobalSection(SolutionProperties) = preSolution
		HideSolutionNode = FALSE
	EndGlobalSection
	GlobalSection(ExtensibilityGlobals) = postSolution
		SolutionGuid = {74E81459-4631-49A0-BC16-35359A9C0B47}
	EndGlobalSection
EndGlobal
